
Microsoft Visual Studio Solution File, Format Version 12.00
# Visual Studio Version 16
VisualStudioVersion = 16.0.29920.165
MinimumVisualStudioVersion = 10.0.40219.1
Project("{FAE04EC0-301F-11D3-BF4B-00C04F79EFBC}") = "ServerManagev1.0", "ServerManagev1.0\ServerManagev1.0.csproj", "{C5310958-4D43-494F-AB9C-51C1E6A31DE5}"
EndProject
Global
	GlobalSection(SolutionConfigurationPlatforms) = preSolution
		Debug|Any CPU = Debug|Any CPU
		Release|Any CPU = Release|Any CPU
	EndGlobalSection
	GlobalSection(ProjectConfigurationPlatforms) = postSolution
		{C5310958-4D43-494F-AB9C-51C1E6A31DE5}.Debug|Any CPU.ActiveCfg = Debug|Any CPU
		{C5310958-4D43-494F-AB9C-51C1E6A31DE5}.Debug|Any CPU.Build.0 = Debug|Any CPU
		{C5310958-4D43-494F-AB9C-51C1E6A31DE5}.Release|Any CPU.ActiveCfg = Release|Any CPU
		{C5310958-4D43-494F-AB9C-51C1E6A31DE5}.Release|Any CPU.Build.0 = Release|Any CPU
	EndGlobalSection
	GlobalSection(SolutionProperties) = preSolution
		HideSolutionNode = FALSE
	EndGlobalSection
	GlobalSection(ExtensibilityGlobals) = postSolution
		SolutionGuid = {A2D3FCDC-B227-41E0-9336-5BA08E38847C}
	EndGlobalSection
EndGlobal
